dependencies:
- name: helper-operator
  repository: https://charts.stderr.at/
  version: 1.0.41
- name: helper-status-checker
  repository: https://charts.stderr.at/
  version: 4.0.17
- name: tpl
  repository: https://charts.stderr.at/
  version: 1.0.31
digest: sha256:a19020a786f2af335733b2e93d5a1040d5a76a6612a77f6ae92b7efb83463f67
generated: "2026-06-03T13:42:47.534541+02:00"
