dependencies:
- name: sonarqube
  repository: https://SonarSource.github.io/helm-chart-sonarqube
  version: 2025.6.1
- name: tpl
  repository: https://charts.stderr.at/
  version: 1.0.28
digest: sha256:f196272872e9773ad5b41c7f7006bbe4f504f27328587f3cdb6658198009d41d
generated: "2026-05-31T07:41:53.688495+02:00"
