dependencies:
- name: sonarqube
  repository: https://SonarSource.github.io/helm-chart-sonarqube
  version: 2025.6.1
- name: tpl
  repository: https://charts.stderr.at/
  version: 1.0.31
digest: sha256:413fdb03feef9764b8f88b01ec25d2534fe769d599ae3aa54dba3d79573ad80c
generated: "2026-06-11T14:46:28.05498+02:00"
