dependencies:
- name: helper-operator
  repository: https://charts.stderr.at/
  version: 1.0.40
- name: helper-status-checker
  repository: https://charts.stderr.at/
  version: 4.0.16
- name: tpl
  repository: https://charts.stderr.at/
  version: 1.0.27
digest: sha256:88dd81f24f611c5a918558531f9f73671f88e974838bfbfa30b3f7ac31d96338
generated: "2026-03-29T18:57:09.541375+02:00"
