dependencies:
- name: helper-operator
  repository: https://charts.stderr.at/
  version: 1.0.45
- name: helper-status-checker
  repository: https://charts.stderr.at/
  version: 4.0.21
- name: tpl
  repository: https://charts.stderr.at/
  version: 1.0.31
digest: sha256:d4ee9b6597489860ab462ae73020411e9965dfaf82dff409f742fe41c00545e4
generated: "2026-06-11T14:34:41.724212+02:00"
