dependencies:
- name: helper-operator
  repository: https://charts.stderr.at/
  version: 1.0.45
- name: helper-status-checker
  repository: https://charts.stderr.at/
  version: 4.0.21
digest: sha256:0b8d5fb094850a2cc0a04fe1cb2970e2a43e517d9ff5bc6244c6a6385aac593a
generated: "2026-06-11T14:47:40.158659+02:00"
