dependencies:
- name: sealed-secrets
  repository: https://bitnami.github.io/sealed-secrets
  version: 2.18.4
- name: tpl
  repository: https://charts.stderr.at/
  version: 1.0.31
digest: sha256:1662f3d62f1c3a4c87193702b56178423a7f6b117e394244d3973f5c780da421
generated: "2026-06-16T14:16:44.815677+02:00"
